
Microsoft Visual Studio Solution File, Format Version 12.00
# Visual Studio 15
VisualStudioVersion = 15.0.28010.2050
MinimumVisualStudioVersion = 10.0.40219.1
Project("{8BC9CEB8-8B4A-11D0-8D11-00A0C91BC942}") = "stringclass", "stringclass\stringclass.vcxproj", "{EF5DE1AA-70D6-468C-9006-216C18A705A8}"
EndProject
Global
	GlobalSection(SolutionConfigurationPlatforms) = preSolution
		Debug|x64 = Debug|x64
		Debug|x86 = Debug|x86
		Release|x64 = Release|x64
		Release|x86 = Release|x86
	EndGlobalSection
	GlobalSection(ProjectConfigurationPlatforms) = postSolution
		{EF5DE1AA-70D6-468C-9006-216C18A705A8}.Debug|x64.ActiveCfg = Debug|x64
		{EF5DE1AA-70D6-468C-9006-216C18A705A8}.Debug|x64.Build.0 = Debug|x64
		{EF5DE1AA-70D6-468C-9006-216C18A705A8}.Debug|x86.ActiveCfg = Debug|Win32
		{EF5DE1AA-70D6-468C-9006-216C18A705A8}.Debug|x86.Build.0 = Debug|Win32
		{EF5DE1AA-70D6-468C-9006-216C18A705A8}.Release|x64.ActiveCfg = Release|x64
		{EF5DE1AA-70D6-468C-9006-216C18A705A8}.Release|x64.Build.0 = Release|x64
		{EF5DE1AA-70D6-468C-9006-216C18A705A8}.Release|x86.ActiveCfg = Release|Win32
		{EF5DE1AA-70D6-468C-9006-216C18A705A8}.Release|x86.Build.0 = Release|Win32
	EndGlobalSection
	GlobalSection(SolutionProperties) = preSolution
		HideSolutionNode = FALSE
	EndGlobalSection
	GlobalSection(ExtensibilityGlobals) = postSolution
		SolutionGuid = {7E722942-8A43-4157-903D-0879283EA30C}
	EndGlobalSection
EndGlobal
